
Microsoft Visual Studio Solution File, Format Version 12.00
# Visual Studio Version 17
VisualStudioVersion = 17.3.32929.385
MinimumVisualStudioVersion = 10.0.40219.1
Project("{FAE04EC0-301F-11D3-BF4B-00C04F79EFBC}") = "ConsoleAppTest", "ConsoleAppTest\ConsoleAppTest.csproj", "{FAA2F409-577C-493E-AA16-BAC6B55B9589}"
EndProject
Global
	GlobalSection(SolutionConfigurationPlatforms) = preSolution
		Debug|Any CPU = Debug|Any CPU
		Release|Any CPU = Release|Any CPU
	EndGlobalSection
	GlobalSection(ProjectConfigurationPlatforms) = postSolution
		{FAA2F409-577C-493E-AA16-BAC6B55B9589}.Debug|Any CPU.ActiveCfg = Debug|Any CPU
		{FAA2F409-577C-493E-AA16-BAC6B55B9589}.Debug|Any CPU.Build.0 = Debug|Any CPU
		{FAA2F409-577C-493E-AA16-BAC6B55B9589}.Release|Any CPU.ActiveCfg = Release|Any CPU
		{FAA2F409-577C-493E-AA16-BAC6B55B9589}.Release|Any CPU.Build.0 = Release|Any CPU
	EndGlobalSection
	GlobalSection(SolutionProperties) = preSolution
		HideSolutionNode = FALSE
	EndGlobalSection
	GlobalSection(ExtensibilityGlobals) = postSolution
		SolutionGuid = {9B04E3BB-9F8C-46E3-BB9A-A5AD2A646E89}
	EndGlobalSection
EndGlobal
